
Microsoft Visual Studio Solution File, Format Version 12.00
# Visual Studio Version 16
VisualStudioVersion = 16.0.31321.278
MinimumVisualStudioVersion = 10.0.40219.1
Project("{FAE04EC0-301F-11D3-BF4B-00C04F79EFBC}") = "PSPro", "PSPro.csproj", "{D30E8675-BC40-411E-9F6E-B69A706B500F}"
EndProject
Project("{FAE04EC0-301F-11D3-BF4B-00C04F79EFBC}") = "UnitTests", "..\UnitTests\UnitTests.csproj", "{B0BD046F-AA43-45F7-8E83-D5082DD0FC06}"
EndProject
Project("{FAE04EC0-301F-11D3-BF4B-00C04F79EFBC}") = "E2ETests", "..\E2ETests\E2ETests.csproj", "{17BDBDF4-2289-4EE9-9434-ADBCDF766C03}"
EndProject
Global
	GlobalSection(SolutionConfigurationPlatforms) = preSolution
		Debug|Any CPU = Debug|Any CPU
		Release|Any CPU = Release|Any CPU
	EndGlobalSection
	GlobalSection(ProjectConfigurationPlatforms) = postSolution
		{D30E8675-BC40-411E-9F6E-B69A706B500F}.Debug|Any CPU.ActiveCfg = Debug|Any CPU
		{D30E8675-BC40-411E-9F6E-B69A706B500F}.Debug|Any CPU.Build.0 = Debug|Any CPU
		{D30E8675-BC40-411E-9F6E-B69A706B500F}.Release|Any CPU.ActiveCfg = Release|Any CPU
		{D30E8675-BC40-411E-9F6E-B69A706B500F}.Release|Any CPU.Build.0 = Release|Any CPU
		{B0BD046F-AA43-45F7-8E83-D5082DD0FC06}.Debug|Any CPU.ActiveCfg = Debug|Any CPU
		{B0BD046F-AA43-45F7-8E83-D5082DD0FC06}.Debug|Any CPU.Build.0 = Debug|Any CPU
		{B0BD046F-AA43-45F7-8E83-D5082DD0FC06}.Release|Any CPU.ActiveCfg = Release|Any CPU
		{B0BD046F-AA43-45F7-8E83-D5082DD0FC06}.Release|Any CPU.Build.0 = Release|Any CPU
		{17BDBDF4-2289-4EE9-9434-ADBCDF766C03}.Debug|Any CPU.ActiveCfg = Debug|Any CPU
		{17BDBDF4-2289-4EE9-9434-ADBCDF766C03}.Debug|Any CPU.Build.0 = Debug|Any CPU
		{17BDBDF4-2289-4EE9-9434-ADBCDF766C03}.Release|Any CPU.ActiveCfg = Release|Any CPU
		{17BDBDF4-2289-4EE9-9434-ADBCDF766C03}.Release|Any CPU.Build.0 = Release|Any CPU
	EndGlobalSection
	GlobalSection(SolutionProperties) = preSolution
		HideSolutionNode = FALSE
	EndGlobalSection
	GlobalSection(ExtensibilityGlobals) = postSolution
		SolutionGuid = {38966F79-17CC-4BFF-82F9-CC1094039672}
	EndGlobalSection
EndGlobal
